
Microsoft Visual Studio Solution File, Format Version 12.00
# Visual Studio 15
VisualStudioVersion = 15.0.28307.2092
MinimumVisualStudioVersion = 10.0.40219.1
Project("{FAE04EC0-301F-11D3-BF4B-00C04F79EFBC}") = "CustomerContactDetailsAPI", "CustomerContactDetailsAPI\CustomerContactDetailsAPI.csproj", "{137A93E1-6479-4BC6-961D-09EB6AD9DD43}"
EndProject
Project("{FAE04EC0-301F-11D3-BF4B-00C04F79EFBC}") = "CustomerContactDetailsData", "CustomerContactDetailsData\CustomerContactDetailsData.csproj", "{1C3A17B9-B269-43F3-B514-040B28F09A19}"
EndProject
Project("{FAE04EC0-301F-11D3-BF4B-00C04F79EFBC}") = "CustomerContactDetailsApi.Test", "CustomerContactDetailsApi.Test\CustomerContactDetailsApi.Test.csproj", "{B83B16D9-B8F7-43A4-907D-5F247065246A}"
EndProject
Global
	GlobalSection(SolutionConfigurationPlatforms) = preSolution
		Debug|Any CPU = Debug|Any CPU
		Release|Any CPU = Release|Any CPU
	EndGlobalSection
	GlobalSection(ProjectConfigurationPlatforms) = postSolution
		{137A93E1-6479-4BC6-961D-09EB6AD9DD43}.Debug|Any CPU.ActiveCfg = Debug|Any CPU
		{137A93E1-6479-4BC6-961D-09EB6AD9DD43}.Debug|Any CPU.Build.0 = Debug|Any CPU
		{137A93E1-6479-4BC6-961D-09EB6AD9DD43}.Release|Any CPU.ActiveCfg = Release|Any CPU
		{137A93E1-6479-4BC6-961D-09EB6AD9DD43}.Release|Any CPU.Build.0 = Release|Any CPU
		{1C3A17B9-B269-43F3-B514-040B28F09A19}.Debug|Any CPU.ActiveCfg = Debug|Any CPU
		{1C3A17B9-B269-43F3-B514-040B28F09A19}.Debug|Any CPU.Build.0 = Debug|Any CPU
		{1C3A17B9-B269-43F3-B514-040B28F09A19}.Release|Any CPU.ActiveCfg = Release|Any CPU
		{1C3A17B9-B269-43F3-B514-040B28F09A19}.Release|Any CPU.Build.0 = Release|Any CPU
		{B83B16D9-B8F7-43A4-907D-5F247065246A}.Debug|Any CPU.ActiveCfg = Debug|Any CPU
		{B83B16D9-B8F7-43A4-907D-5F247065246A}.Debug|Any CPU.Build.0 = Debug|Any CPU
		{B83B16D9-B8F7-43A4-907D-5F247065246A}.Release|Any CPU.ActiveCfg = Release|Any CPU
		{B83B16D9-B8F7-43A4-907D-5F247065246A}.Release|Any CPU.Build.0 = Release|Any CPU
	EndGlobalSection
	GlobalSection(SolutionProperties) = preSolution
		HideSolutionNode = FALSE
	EndGlobalSection
	GlobalSection(ExtensibilityGlobals) = postSolution
		SolutionGuid = {ACCA2B02-6772-454A-BCF4-2BAD310E59C7}
	EndGlobalSection
EndGlobal
